
Microsoft Visual Studio Solution File, Format Version 12.00
# Visual Studio Version 17
VisualStudioVersion = 17.0.31903.59
MinimumVisualStudioVersion = 10.0.40219.1
Project("{9A19103F-16F7-4668-BE54-9A1E7A4F7556}") = "Domain", "src\Core\Domain\Domain.csproj", "{C7E89A3E-A631-4760-8D61-BD1EAB1C4E69}"
EndProject
Project("{9A19103F-16F7-4668-BE54-9A1E7A4F7556}") = "Application", "src\Core\Application\Application.csproj", "{34C0FACD-F3D9-400C-8945-554DD6B0819A}"
EndProject
Project("{9A19103F-16F7-4668-BE54-9A1E7A4F7556}") = "Infrastructure", "src\Infrastructure\Infrastructure.csproj", "{117DA02F-5274-4565-ACC6-DA9B6E568B09}"
EndProject
Project("{2150E333-8FDC-42A3-9474-1A3956D46DE8}") = "src", "src", "{6ED356A7-8B47-4613-AD01-C85CF28491BD}"
EndProject
Project("{2150E333-8FDC-42A3-9474-1A3956D46DE8}") = "tests", "tests", "{664D406C-2F83-48F0-BFC3-408D5CB53C65}"
EndProject
Project("{9A19103F-16F7-4668-BE54-9A1E7A4F7556}") = "Application.UnitTests", "tests\Application.UnitTests\Application.UnitTests.csproj", "{DEFF4009-1FAB-4392-80B6-707E2DC5C00B}"
EndProject
Project("{9A19103F-16F7-4668-BE54-9A1E7A4F7556}") = "Domain.UnitTests", "tests\Domain.UnitTests\Domain.UnitTests.csproj", "{DC37FD87-552C-4613-9F16-1537CA522898}"
EndProject
Project("{9A19103F-16F7-4668-BE54-9A1E7A4F7556}") = "Application.IntegrationTests", "tests\Application.IntegrationTests\Application.IntegrationTests.csproj", "{277029AF-D9E1-4B75-9F11-48FEA7345AD7}"
EndProject
Project("{9A19103F-16F7-4668-BE54-9A1E7A4F7556}") = "WebUI", "src\Presentation\WebUI\WebUI.csproj", "{22454EE9-16B3-4B7A-8352-37E59B858155}"
EndProject
Project("{9A19103F-16F7-4668-BE54-9A1E7A4F7556}") = "WebUI.AcceptanceTests", "tests\WebUI.AcceptanceTests\WebUI.AcceptanceTests.csproj", "{712BEC26-420A-40F8-8C79-FD6896353D71}"
EndProject
Project("{9A19103F-16F7-4668-BE54-9A1E7A4F7556}") = "ApiClientBase", "src\Presentation\ClientPackages\ApiClientBase\ApiClientBase.csproj", "{1F8C9DD2-5137-4CC5-A5D1-8D0B333D3CB8}"
EndProject
Project("{9A19103F-16F7-4668-BE54-9A1E7A4F7556}") = "MauiCleanTodos.App", "src\Presentation\App\MauiCleanTodos.App.csproj", "{CADA82EA-21A0-4203-86CA-CFDF298F405C}"
EndProject
Project("{9A19103F-16F7-4668-BE54-9A1E7A4F7556}") = "Shared", "src\Common\Shared\Shared.csproj", "{0D277E75-76F1-422B-AA38-922EA3D2EC81}"
EndProject
Project("{2150E333-8FDC-42A3-9474-1A3956D46DE8}") = "Core", "Core", "{8DCA2365-7003-42F7-8D4F-037378DDC26D}"
EndProject
Project("{2150E333-8FDC-42A3-9474-1A3956D46DE8}") = "Presentation", "Presentation", "{B406AB24-88AC-4B3A-87DD-939DAE79E271}"
EndProject
Project("{2150E333-8FDC-42A3-9474-1A3956D46DE8}") = "Common", "Common", "{AD5DB9F9-3E9B-4185-A461-8BDA19BF43D7}"
EndProject
Project("{2150E333-8FDC-42A3-9474-1A3956D46DE8}") = "Infrastructure", "Infrastructure", "{F4B671B9-3A69-4015-8545-ECBD2ABA590A}"
EndProject
Project("{2150E333-8FDC-42A3-9474-1A3956D46DE8}") = "ClientPackages", "ClientPackages", "{105C6A75-4E45-48A1-B7C3-EAC6B2C9F02E}"
EndProject
Project("{2150E333-8FDC-42A3-9474-1A3956D46DE8}") = "UI", "UI", "{EFDF3876-B0A9-4EB3-854B-0BC0EC4D4906}"
EndProject
Project("{9A19103F-16F7-4668-BE54-9A1E7A4F7556}") = "MauiApiClient", "src\Presentation\ClientPackages\MauiApiClient\MauiApiClient.csproj", "{31B85B6A-0B72-4D1A-B67B-5BA1CD616984}"
EndProject
Project("{9A19103F-16F7-4668-BE54-9A1E7A4F7556}") = "BlazorApiClient", "src\Presentation\ClientPackages\BlazorApiClient\BlazorApiClient.csproj", "{5622B209-6C55-4E12-AA5F-B029EC4BDBC8}"
EndProject
Project("{9A19103F-16F7-4668-BE54-9A1E7A4F7556}") = "App.UnitTests", "tests\App.UnitTests\App.UnitTests.csproj", "{604355A4-4F6B-4FB5-BF45-5377495EC865}"
EndProject
Global
	GlobalSection(SolutionConfigurationPlatforms) = preSolution
		Debug|Any CPU = Debug|Any CPU
		Release|Any CPU = Release|Any CPU
	EndGlobalSection
	GlobalSection(ProjectConfigurationPlatforms) = postSolution
		{C7E89A3E-A631-4760-8D61-BD1EAB1C4E69}.Debug|Any CPU.ActiveCfg = Debug|Any CPU
		{C7E89A3E-A631-4760-8D61-BD1EAB1C4E69}.Debug|Any CPU.Build.0 = Debug|Any CPU
		{C7E89A3E-A631-4760-8D61-BD1EAB1C4E69}.Release|Any CPU.ActiveCfg = Release|Any CPU
		{C7E89A3E-A631-4760-8D61-BD1EAB1C4E69}.Release|Any CPU.Build.0 = Release|Any CPU
		{34C0FACD-F3D9-400C-8945-554DD6B0819A}.Debug|Any CPU.ActiveCfg = Debug|Any CPU
		{34C0FACD-F3D9-400C-8945-554DD6B0819A}.Debug|Any CPU.Build.0 = Debug|Any CPU
		{34C0FACD-F3D9-400C-8945-554DD6B0819A}.Release|Any CPU.ActiveCfg = Release|Any CPU
		{34C0FACD-F3D9-400C-8945-554DD6B0819A}.Release|Any CPU.Build.0 = Release|Any CPU
		{117DA02F-5274-4565-ACC6-DA9B6E568B09}.Debug|Any CPU.ActiveCfg = Debug|Any CPU
		{117DA02F-5274-4565-ACC6-DA9B6E568B09}.Debug|Any CPU.Build.0 = Debug|Any CPU
		{117DA02F-5274-4565-ACC6-DA9B6E568B09}.Release|Any CPU.ActiveCfg = Release|Any CPU
		{117DA02F-5274-4565-ACC6-DA9B6E568B09}.Release|Any CPU.Build.0 = Release|Any CPU
		{DEFF4009-1FAB-4392-80B6-707E2DC5C00B}.Debug|Any CPU.ActiveCfg = Debug|Any CPU
		{DEFF4009-1FAB-4392-80B6-707E2DC5C00B}.Debug|Any CPU.Build.0 = Debug|Any CPU
		{DEFF4009-1FAB-4392-80B6-707E2DC5C00B}.Release|Any CPU.ActiveCfg = Release|Any CPU
		{DEFF4009-1FAB-4392-80B6-707E2DC5C00B}.Release|Any CPU.Build.0 = Release|Any CPU
		{DC37FD87-552C-4613-9F16-1537CA522898}.Debug|Any CPU.ActiveCfg = Debug|Any CPU
		{DC37FD87-552C-4613-9F16-1537CA522898}.Debug|Any CPU.Build.0 = Debug|Any CPU
		{DC37FD87-552C-4613-9F16-1537CA522898}.Release|Any CPU.ActiveCfg = Release|Any CPU
		{DC37FD87-552C-4613-9F16-1537CA522898}.Release|Any CPU.Build.0 = Release|Any CPU
		{277029AF-D9E1-4B75-9F11-48FEA7345AD7}.Debug|Any CPU.ActiveCfg = Debug|Any CPU
		{277029AF-D9E1-4B75-9F11-48FEA7345AD7}.Debug|Any CPU.Build.0 = Debug|Any CPU
		{277029AF-D9E1-4B75-9F11-48FEA7345AD7}.Release|Any CPU.ActiveCfg = Release|Any CPU
		{277029AF-D9E1-4B75-9F11-48FEA7345AD7}.Release|Any CPU.Build.0 = Release|Any CPU
		{22454EE9-16B3-4B7A-8352-37E59B858155}.Debug|Any CPU.ActiveCfg = Debug|Any CPU
		{22454EE9-16B3-4B7A-8352-37E59B858155}.Debug|Any CPU.Build.0 = Debug|Any CPU
		{22454EE9-16B3-4B7A-8352-37E59B858155}.Release|Any CPU.ActiveCfg = Release|Any CPU
		{22454EE9-16B3-4B7A-8352-37E59B858155}.Release|Any CPU.Build.0 = Release|Any CPU
		{712BEC26-420A-40F8-8C79-FD6896353D71}.Debug|Any CPU.ActiveCfg = Debug|Any CPU
		{712BEC26-420A-40F8-8C79-FD6896353D71}.Debug|Any CPU.Build.0 = Debug|Any CPU
		{712BEC26-420A-40F8-8C79-FD6896353D71}.Release|Any CPU.ActiveCfg = Release|Any CPU
		{712BEC26-420A-40F8-8C79-FD6896353D71}.Release|Any CPU.Build.0 = Release|Any CPU
		{1F8C9DD2-5137-4CC5-A5D1-8D0B333D3CB8}.Debug|Any CPU.ActiveCfg = Debug|Any CPU
		{1F8C9DD2-5137-4CC5-A5D1-8D0B333D3CB8}.Debug|Any CPU.Build.0 = Debug|Any CPU
		{1F8C9DD2-5137-4CC5-A5D1-8D0B333D3CB8}.Release|Any CPU.ActiveCfg = Release|Any CPU
		{1F8C9DD2-5137-4CC5-A5D1-8D0B333D3CB8}.Release|Any CPU.Build.0 = Release|Any CPU
		{CADA82EA-21A0-4203-86CA-CFDF298F405C}.Debug|Any CPU.ActiveCfg = Debug|Any CPU
		{CADA82EA-21A0-4203-86CA-CFDF298F405C}.Debug|Any CPU.Build.0 = Debug|Any CPU
		{CADA82EA-21A0-4203-86CA-CFDF298F405C}.Debug|Any CPU.Deploy.0 = Debug|Any CPU
		{CADA82EA-21A0-4203-86CA-CFDF298F405C}.Release|Any CPU.ActiveCfg = Release|Any CPU
		{CADA82EA-21A0-4203-86CA-CFDF298F405C}.Release|Any CPU.Build.0 = Release|Any CPU
		{0D277E75-76F1-422B-AA38-922EA3D2EC81}.Debug|Any CPU.ActiveCfg = Debug|Any CPU
		{0D277E75-76F1-422B-AA38-922EA3D2EC81}.Debug|Any CPU.Build.0 = Debug|Any CPU
		{0D277E75-76F1-422B-AA38-922EA3D2EC81}.Release|Any CPU.ActiveCfg = Release|Any CPU
		{0D277E75-76F1-422B-AA38-922EA3D2EC81}.Release|Any CPU.Build.0 = Release|Any CPU
		{31B85B6A-0B72-4D1A-B67B-5BA1CD616984}.Debug|Any CPU.ActiveCfg = Debug|Any CPU
		{31B85B6A-0B72-4D1A-B67B-5BA1CD616984}.Debug|Any CPU.Build.0 = Debug|Any CPU
		{31B85B6A-0B72-4D1A-B67B-5BA1CD616984}.Release|Any CPU.ActiveCfg = Release|Any CPU
		{31B85B6A-0B72-4D1A-B67B-5BA1CD616984}.Release|Any CPU.Build.0 = Release|Any CPU
		{31B85B6A-0B72-4D1A-B67B-5BA1CD616984}.Release|Any CPU.Deploy.0 = Release|Any CPU
		{5622B209-6C55-4E12-AA5F-B029EC4BDBC8}.Debug|Any CPU.ActiveCfg = Debug|Any CPU
		{5622B209-6C55-4E12-AA5F-B029EC4BDBC8}.Debug|Any CPU.Build.0 = Debug|Any CPU
		{5622B209-6C55-4E12-AA5F-B029EC4BDBC8}.Release|Any CPU.ActiveCfg = Release|Any CPU
		{5622B209-6C55-4E12-AA5F-B029EC4BDBC8}.Release|Any CPU.Build.0 = Release|Any CPU
		{604355A4-4F6B-4FB5-BF45-5377495EC865}.Debug|Any CPU.ActiveCfg = Debug|Any CPU
		{604355A4-4F6B-4FB5-BF45-5377495EC865}.Debug|Any CPU.Build.0 = Debug|Any CPU
		{604355A4-4F6B-4FB5-BF45-5377495EC865}.Release|Any CPU.ActiveCfg = Release|Any CPU
		{604355A4-4F6B-4FB5-BF45-5377495EC865}.Release|Any CPU.Build.0 = Release|Any CPU
	EndGlobalSection
	GlobalSection(SolutionProperties) = preSolution
		HideSolutionNode = FALSE
	EndGlobalSection
	GlobalSection(NestedProjects) = preSolution
		{C7E89A3E-A631-4760-8D61-BD1EAB1C4E69} = {8DCA2365-7003-42F7-8D4F-037378DDC26D}
		{34C0FACD-F3D9-400C-8945-554DD6B0819A} = {8DCA2365-7003-42F7-8D4F-037378DDC26D}
		{117DA02F-5274-4565-ACC6-DA9B6E568B09} = {F4B671B9-3A69-4015-8545-ECBD2ABA590A}
		{DEFF4009-1FAB-4392-80B6-707E2DC5C00B} = {664D406C-2F83-48F0-BFC3-408D5CB53C65}
		{DC37FD87-552C-4613-9F16-1537CA522898} = {664D406C-2F83-48F0-BFC3-408D5CB53C65}
		{277029AF-D9E1-4B75-9F11-48FEA7345AD7} = {664D406C-2F83-48F0-BFC3-408D5CB53C65}
		{22454EE9-16B3-4B7A-8352-37E59B858155} = {B406AB24-88AC-4B3A-87DD-939DAE79E271}
		{712BEC26-420A-40F8-8C79-FD6896353D71} = {664D406C-2F83-48F0-BFC3-408D5CB53C65}
		{1F8C9DD2-5137-4CC5-A5D1-8D0B333D3CB8} = {105C6A75-4E45-48A1-B7C3-EAC6B2C9F02E}
		{CADA82EA-21A0-4203-86CA-CFDF298F405C} = {EFDF3876-B0A9-4EB3-854B-0BC0EC4D4906}
		{0D277E75-76F1-422B-AA38-922EA3D2EC81} = {AD5DB9F9-3E9B-4185-A461-8BDA19BF43D7}
		{8DCA2365-7003-42F7-8D4F-037378DDC26D} = {6ED356A7-8B47-4613-AD01-C85CF28491BD}
		{B406AB24-88AC-4B3A-87DD-939DAE79E271} = {6ED356A7-8B47-4613-AD01-C85CF28491BD}
		{AD5DB9F9-3E9B-4185-A461-8BDA19BF43D7} = {6ED356A7-8B47-4613-AD01-C85CF28491BD}
		{F4B671B9-3A69-4015-8545-ECBD2ABA590A} = {6ED356A7-8B47-4613-AD01-C85CF28491BD}
		{105C6A75-4E45-48A1-B7C3-EAC6B2C9F02E} = {B406AB24-88AC-4B3A-87DD-939DAE79E271}
		{EFDF3876-B0A9-4EB3-854B-0BC0EC4D4906} = {B406AB24-88AC-4B3A-87DD-939DAE79E271}
		{31B85B6A-0B72-4D1A-B67B-5BA1CD616984} = {105C6A75-4E45-48A1-B7C3-EAC6B2C9F02E}
		{5622B209-6C55-4E12-AA5F-B029EC4BDBC8} = {105C6A75-4E45-48A1-B7C3-EAC6B2C9F02E}
		{604355A4-4F6B-4FB5-BF45-5377495EC865} = {664D406C-2F83-48F0-BFC3-408D5CB53C65}
	EndGlobalSection
	GlobalSection(ExtensibilityGlobals) = postSolution
		SolutionGuid = {3CB609D9-5D54-4C11-A371-DAAC8B74E430}
	EndGlobalSection
EndGlobal
